
Microsoft Visual Studio Solution File, Format Version 12.00
# Visual Studio 15
VisualStudioVersion = 15.0.26730.16
MinimumVisualStudioVersion = 10.0.40219.1
Project("{FAE04EC0-301F-11D3-BF4B-00C04F79EFBC}") = "MultiRepositories.Lib", "MultiRepositories.Lib\MultiRepositories.Lib.csproj", "{B20C279E-7034-4A46-9820-1D96296EB36B}"
EndProject
Project("{FAE04EC0-301F-11D3-BF4B-00C04F79EFBC}") = "RepositoryCache", "RepositoryCache\RepositoryCache.csproj", "{8C3BE498-BD60-480E-AE32-7A684A2CCB39}"
EndProject
Project("{FAE04EC0-301F-11D3-BF4B-00C04F79EFBC}") = "NugetProtocol", "NugetProtocol\NugetProtocol.csproj", "{A55022F2-7FE1-4C27-BF4E-3C0B3D77F7D0}"
EndProject
Project("{FAE04EC0-301F-11D3-BF4B-00C04F79EFBC}") = "NugetProtocol.Test", "NugetProtocol.Test\NugetProtocol.Test.csproj", "{54605F6B-C298-4F0A-82D6-6DD1DC5526B4}"
EndProject
Project("{FAE04EC0-301F-11D3-BF4B-00C04F79EFBC}") = "Repositories.Lib.Mem", "Repositories.Lib.Mem\Repositories.Lib.Mem.csproj", "{34D3DA85-AC0F-4E8B-8244-835D4A3B77C5}"
EndProject
Project("{FAE04EC0-301F-11D3-BF4B-00C04F79EFBC}") = "Repositories.Lib", "Repositories.Lib\Repositories.Lib.csproj", "{7A5739D6-0966-4C2F-8DD2-07F3E6159212}"
EndProject
Project("{FAE04EC0-301F-11D3-BF4B-00C04F79EFBC}") = "MultiRepositories.Lib.Mem", "MultiRepositories.Lib.Mem\MultiRepositories.Lib.Mem.csproj", "{91DE67CE-14C4-4C0F-8E08-6CA96A0C05D9}"
EndProject
Project("{FAE04EC0-301F-11D3-BF4B-00C04F79EFBC}") = "Ioc.Shared", "Ioc.Shared\Ioc.Shared.csproj", "{59BA45AE-F80C-440D-BEA1-C1FCA0F00A2B}"
EndProject
Project("{FAE04EC0-301F-11D3-BF4B-00C04F79EFBC}") = "Nuget.Lib", "Nuget.Lib\Nuget.Lib.csproj", "{DC2CD4DF-2A49-4197-AF18-2AB3FC0C3A0A}"
EndProject
Project("{FAE04EC0-301F-11D3-BF4B-00C04F79EFBC}") = "Nuget.Lib.Test", "Nuget.Lib.Test\Nuget.Lib.Test.csproj", "{48310066-C140-497B-B2D7-2EB7979FA9AB}"
EndProject
Project("{FAE04EC0-301F-11D3-BF4B-00C04F79EFBC}") = "Nuget.Lib.Mem", "Nuget.Lib.Mem\Nuget.Lib.Mem.csproj", "{6D34F0EA-4C37-49A7-8B88-F68713CDE78E}"
EndProject
Project("{FAE04EC0-301F-11D3-BF4B-00C04F79EFBC}") = "SemVer", "SemVer\SemVer.csproj", "{249C4075-9CFB-4CA1-BA82-290BFF361CD7}"
EndProject
Project("{FAE04EC0-301F-11D3-BF4B-00C04F79EFBC}") = "SemVer.Test", "SemVer.Test\SemVer.Test.csproj", "{CF3CEADB-42D1-4873-8061-4B2E3691AA0D}"
EndProject
Project("{2150E333-8FDC-42A3-9474-1A3956D46DE8}") = "Main", "Main", "{44F0CFA8-B467-43B5-9C9F-3CA39DAC83DD}"
EndProject
Project("{2150E333-8FDC-42A3-9474-1A3956D46DE8}") = "Test", "Test", "{BE9C9E19-84E5-4844-B361-02A2116382D4}"
EndProject
Project("{2150E333-8FDC-42A3-9474-1A3956D46DE8}") = "MemDb", "MemDb", "{9162DC40-6922-4768-91BB-C0D13FC0E368}"
EndProject
Project("{FAE04EC0-301F-11D3-BF4B-00C04F79EFBC}") = "Maven.Lib", "Maven.Lib\Maven.Lib.csproj", "{3F3EF9E8-0427-48A5-9307-D92EEC080415}"
EndProject
Project("{FAE04EC0-301F-11D3-BF4B-00C04F79EFBC}") = "MultiRepositories.Lib.Test", "MultiRepositories.Lib.Test\MultiRepositories.Lib.Test.csproj", "{72A248D5-1D27-4DAC-89A7-5B8327FDBA3E}"
EndProject
Project("{2150E333-8FDC-42A3-9474-1A3956D46DE8}") = "Nuget", "Nuget", "{1CCE30AE-4072-43F6-8B01-3185C469129D}"
EndProject
Project("{2150E333-8FDC-42A3-9474-1A3956D46DE8}") = "Maven", "Maven", "{79FB3572-AA5D-4714-B70E-AA92E3AE50DD}"
EndProject
Project("{2150E333-8FDC-42A3-9474-1A3956D46DE8}") = "Commons", "Commons", "{4FC56E1F-B1A0-468D-80A2-4B4668937395}"
EndProject
Project("{FAE04EC0-301F-11D3-BF4B-00C04F79EFBC}") = "MavenProtocol", "MavenProtocol\MavenProtocol.csproj", "{E932EF38-FFDD-41A4-9D98-9C73B0F3EA13}"
EndProject
Project("{FAE04EC0-301F-11D3-BF4B-00C04F79EFBC}") = "MavenProtocol.Test", "MavenProtocol.Test\MavenProtocol.Test.csproj", "{CDC5EB64-1A2E-4F26-8831-3A84DF5C7AB4}"
EndProject
Project("{FAE04EC0-301F-11D3-BF4B-00C04F79EFBC}") = "IntegrationTest", "IntegrationTest\IntegrationTest.csproj", "{3301706B-F12E-4575-B125-AAD767009455}"
EndProject
Project("{2150E333-8FDC-42A3-9474-1A3956D46DE8}") = "Solution Items", "Solution Items", "{08CED4D2-E649-4C07-8974-7B29E8F6CE27}"
	ProjectSection(SolutionItems) = preProject
		LICENSE = LICENSE
		README.md = README.md
	EndProjectSection
EndProject
Project("{FAE04EC0-301F-11D3-BF4B-00C04F79EFBC}") = "Maven.Lib.Test", "Maven.Lib.Test\Maven.Lib.Test.csproj", "{A933812C-C8F5-49B4-AA7B-E39961093102}"
EndProject
Project("{FAE04EC0-301F-11D3-BF4B-00C04F79EFBC}") = "Maven.Lib.Mem", "Maven.Lib.Mem\Maven.Lib.Mem.csproj", "{0DE32351-3EE8-404B-BF55-A7B2349F8A27}"
EndProject
Project("{FAE04EC0-301F-11D3-BF4B-00C04F79EFBC}") = "Nuget.Framework", "Nuget.Framework\Nuget.Framework.csproj", "{78EF412B-D6AF-4208-913D-0C0EF2E8BB17}"
EndProject
Global
	GlobalSection(SolutionConfigurationPlatforms) = preSolution
		Debug|Any CPU = Debug|Any CPU
		Release|Any CPU = Release|Any CPU
	EndGlobalSection
	GlobalSection(ProjectConfigurationPlatforms) = postSolution
		{B20C279E-7034-4A46-9820-1D96296EB36B}.Debug|Any CPU.ActiveCfg = Debug|Any CPU
		{B20C279E-7034-4A46-9820-1D96296EB36B}.Debug|Any CPU.Build.0 = Debug|Any CPU
		{B20C279E-7034-4A46-9820-1D96296EB36B}.Release|Any CPU.ActiveCfg = Release|Any CPU
		{B20C279E-7034-4A46-9820-1D96296EB36B}.Release|Any CPU.Build.0 = Release|Any CPU
		{8C3BE498-BD60-480E-AE32-7A684A2CCB39}.Debug|Any CPU.ActiveCfg = Debug|Any CPU
		{8C3BE498-BD60-480E-AE32-7A684A2CCB39}.Debug|Any CPU.Build.0 = Debug|Any CPU
		{8C3BE498-BD60-480E-AE32-7A684A2CCB39}.Release|Any CPU.ActiveCfg = Release|Any CPU
		{8C3BE498-BD60-480E-AE32-7A684A2CCB39}.Release|Any CPU.Build.0 = Release|Any CPU
		{A55022F2-7FE1-4C27-BF4E-3C0B3D77F7D0}.Debug|Any CPU.ActiveCfg = Debug|Any CPU
		{A55022F2-7FE1-4C27-BF4E-3C0B3D77F7D0}.Debug|Any CPU.Build.0 = Debug|Any CPU
		{A55022F2-7FE1-4C27-BF4E-3C0B3D77F7D0}.Release|Any CPU.ActiveCfg = Release|Any CPU
		{A55022F2-7FE1-4C27-BF4E-3C0B3D77F7D0}.Release|Any CPU.Build.0 = Release|Any CPU
		{54605F6B-C298-4F0A-82D6-6DD1DC5526B4}.Debug|Any CPU.ActiveCfg = Debug|Any CPU
		{54605F6B-C298-4F0A-82D6-6DD1DC5526B4}.Debug|Any CPU.Build.0 = Debug|Any CPU
		{54605F6B-C298-4F0A-82D6-6DD1DC5526B4}.Release|Any CPU.ActiveCfg = Release|Any CPU
		{54605F6B-C298-4F0A-82D6-6DD1DC5526B4}.Release|Any CPU.Build.0 = Release|Any CPU
		{34D3DA85-AC0F-4E8B-8244-835D4A3B77C5}.Debug|Any CPU.ActiveCfg = Debug|Any CPU
		{34D3DA85-AC0F-4E8B-8244-835D4A3B77C5}.Debug|Any CPU.Build.0 = Debug|Any CPU
		{34D3DA85-AC0F-4E8B-8244-835D4A3B77C5}.Release|Any CPU.ActiveCfg = Release|Any CPU
		{34D3DA85-AC0F-4E8B-8244-835D4A3B77C5}.Release|Any CPU.Build.0 = Release|Any CPU
		{7A5739D6-0966-4C2F-8DD2-07F3E6159212}.Debug|Any CPU.ActiveCfg = Debug|Any CPU
		{7A5739D6-0966-4C2F-8DD2-07F3E6159212}.Debug|Any CPU.Build.0 = Debug|Any CPU
		{7A5739D6-0966-4C2F-8DD2-07F3E6159212}.Release|Any CPU.ActiveCfg = Release|Any CPU
		{7A5739D6-0966-4C2F-8DD2-07F3E6159212}.Release|Any CPU.Build.0 = Release|Any CPU
		{91DE67CE-14C4-4C0F-8E08-6CA96A0C05D9}.Debug|Any CPU.ActiveCfg = Debug|Any CPU
		{91DE67CE-14C4-4C0F-8E08-6CA96A0C05D9}.Debug|Any CPU.Build.0 = Debug|Any CPU
		{91DE67CE-14C4-4C0F-8E08-6CA96A0C05D9}.Release|Any CPU.ActiveCfg = Release|Any CPU
		{91DE67CE-14C4-4C0F-8E08-6CA96A0C05D9}.Release|Any CPU.Build.0 = Release|Any CPU
		{59BA45AE-F80C-440D-BEA1-C1FCA0F00A2B}.Debug|Any CPU.ActiveCfg = Debug|Any CPU
		{59BA45AE-F80C-440D-BEA1-C1FCA0F00A2B}.Debug|Any CPU.Build.0 = Debug|Any CPU
		{59BA45AE-F80C-440D-BEA1-C1FCA0F00A2B}.Release|Any CPU.ActiveCfg = Release|Any CPU
		{59BA45AE-F80C-440D-BEA1-C1FCA0F00A2B}.Release|Any CPU.Build.0 = Release|Any CPU
		{DC2CD4DF-2A49-4197-AF18-2AB3FC0C3A0A}.Debug|Any CPU.ActiveCfg = Debug|Any CPU
		{DC2CD4DF-2A49-4197-AF18-2AB3FC0C3A0A}.Debug|Any CPU.Build.0 = Debug|Any CPU
		{DC2CD4DF-2A49-4197-AF18-2AB3FC0C3A0A}.Release|Any CPU.ActiveCfg = Release|Any CPU
		{DC2CD4DF-2A49-4197-AF18-2AB3FC0C3A0A}.Release|Any CPU.Build.0 = Release|Any CPU
		{48310066-C140-497B-B2D7-2EB7979FA9AB}.Debug|Any CPU.ActiveCfg = Debug|Any CPU
		{48310066-C140-497B-B2D7-2EB7979FA9AB}.Debug|Any CPU.Build.0 = Debug|Any CPU
		{48310066-C140-497B-B2D7-2EB7979FA9AB}.Release|Any CPU.ActiveCfg = Release|Any CPU
		{48310066-C140-497B-B2D7-2EB7979FA9AB}.Release|Any CPU.Build.0 = Release|Any CPU
		{6D34F0EA-4C37-49A7-8B88-F68713CDE78E}.Debug|Any CPU.ActiveCfg = Debug|Any CPU
		{6D34F0EA-4C37-49A7-8B88-F68713CDE78E}.Debug|Any CPU.Build.0 = Debug|Any CPU
		{6D34F0EA-4C37-49A7-8B88-F68713CDE78E}.Release|Any CPU.ActiveCfg = Release|Any CPU
		{6D34F0EA-4C37-49A7-8B88-F68713CDE78E}.Release|Any CPU.Build.0 = Release|Any CPU
		{249C4075-9CFB-4CA1-BA82-290BFF361CD7}.Debug|Any CPU.ActiveCfg = Debug|Any CPU
		{249C4075-9CFB-4CA1-BA82-290BFF361CD7}.Debug|Any CPU.Build.0 = Debug|Any CPU
		{249C4075-9CFB-4CA1-BA82-290BFF361CD7}.Release|Any CPU.ActiveCfg = Release|Any CPU
		{249C4075-9CFB-4CA1-BA82-290BFF361CD7}.Release|Any CPU.Build.0 = Release|Any CPU
		{CF3CEADB-42D1-4873-8061-4B2E3691AA0D}.Debug|Any CPU.ActiveCfg = Debug|Any CPU
		{CF3CEADB-42D1-4873-8061-4B2E3691AA0D}.Debug|Any CPU.Build.0 = Debug|Any CPU
		{CF3CEADB-42D1-4873-8061-4B2E3691AA0D}.Release|Any CPU.ActiveCfg = Release|Any CPU
		{CF3CEADB-42D1-4873-8061-4B2E3691AA0D}.Release|Any CPU.Build.0 = Release|Any CPU
		{3F3EF9E8-0427-48A5-9307-D92EEC080415}.Debug|Any CPU.ActiveCfg = Debug|Any CPU
		{3F3EF9E8-0427-48A5-9307-D92EEC080415}.Debug|Any CPU.Build.0 = Debug|Any CPU
		{3F3EF9E8-0427-48A5-9307-D92EEC080415}.Release|Any CPU.ActiveCfg = Release|Any CPU
		{3F3EF9E8-0427-48A5-9307-D92EEC080415}.Release|Any CPU.Build.0 = Release|Any CPU
		{72A248D5-1D27-4DAC-89A7-5B8327FDBA3E}.Debug|Any CPU.ActiveCfg = Debug|Any CPU
		{72A248D5-1D27-4DAC-89A7-5B8327FDBA3E}.Debug|Any CPU.Build.0 = Debug|Any CPU
		{72A248D5-1D27-4DAC-89A7-5B8327FDBA3E}.Release|Any CPU.ActiveCfg = Release|Any CPU
		{72A248D5-1D27-4DAC-89A7-5B8327FDBA3E}.Release|Any CPU.Build.0 = Release|Any CPU
		{E932EF38-FFDD-41A4-9D98-9C73B0F3EA13}.Debug|Any CPU.ActiveCfg = Debug|Any CPU
		{E932EF38-FFDD-41A4-9D98-9C73B0F3EA13}.Debug|Any CPU.Build.0 = Debug|Any CPU
		{E932EF38-FFDD-41A4-9D98-9C73B0F3EA13}.Release|Any CPU.ActiveCfg = Release|Any CPU
		{E932EF38-FFDD-41A4-9D98-9C73B0F3EA13}.Release|Any CPU.Build.0 = Release|Any CPU
		{CDC5EB64-1A2E-4F26-8831-3A84DF5C7AB4}.Debug|Any CPU.ActiveCfg = Debug|Any CPU
		{CDC5EB64-1A2E-4F26-8831-3A84DF5C7AB4}.Debug|Any CPU.Build.0 = Debug|Any CPU
		{CDC5EB64-1A2E-4F26-8831-3A84DF5C7AB4}.Release|Any CPU.ActiveCfg = Release|Any CPU
		{CDC5EB64-1A2E-4F26-8831-3A84DF5C7AB4}.Release|Any CPU.Build.0 = Release|Any CPU
		{3301706B-F12E-4575-B125-AAD767009455}.Debug|Any CPU.ActiveCfg = Debug|Any CPU
		{3301706B-F12E-4575-B125-AAD767009455}.Debug|Any CPU.Build.0 = Debug|Any CPU
		{3301706B-F12E-4575-B125-AAD767009455}.Release|Any CPU.ActiveCfg = Release|Any CPU
		{3301706B-F12E-4575-B125-AAD767009455}.Release|Any CPU.Build.0 = Release|Any CPU
		{A933812C-C8F5-49B4-AA7B-E39961093102}.Debug|Any CPU.ActiveCfg = Debug|Any CPU
		{A933812C-C8F5-49B4-AA7B-E39961093102}.Debug|Any CPU.Build.0 = Debug|Any CPU
		{A933812C-C8F5-49B4-AA7B-E39961093102}.Release|Any CPU.ActiveCfg = Release|Any CPU
		{A933812C-C8F5-49B4-AA7B-E39961093102}.Release|Any CPU.Build.0 = Release|Any CPU
		{0DE32351-3EE8-404B-BF55-A7B2349F8A27}.Debug|Any CPU.ActiveCfg = Debug|Any CPU
		{0DE32351-3EE8-404B-BF55-A7B2349F8A27}.Debug|Any CPU.Build.0 = Debug|Any CPU
		{0DE32351-3EE8-404B-BF55-A7B2349F8A27}.Release|Any CPU.ActiveCfg = Release|Any CPU
		{0DE32351-3EE8-404B-BF55-A7B2349F8A27}.Release|Any CPU.Build.0 = Release|Any CPU
		{78EF412B-D6AF-4208-913D-0C0EF2E8BB17}.Debug|Any CPU.ActiveCfg = Debug|Any CPU
		{78EF412B-D6AF-4208-913D-0C0EF2E8BB17}.Debug|Any CPU.Build.0 = Debug|Any CPU
		{78EF412B-D6AF-4208-913D-0C0EF2E8BB17}.Release|Any CPU.ActiveCfg = Release|Any CPU
		{78EF412B-D6AF-4208-913D-0C0EF2E8BB17}.Release|Any CPU.Build.0 = Release|Any CPU
	EndGlobalSection
	GlobalSection(SolutionProperties) = preSolution
		HideSolutionNode = FALSE
	EndGlobalSection
	GlobalSection(NestedProjects) = preSolution
		{B20C279E-7034-4A46-9820-1D96296EB36B} = {4FC56E1F-B1A0-468D-80A2-4B4668937395}
		{8C3BE498-BD60-480E-AE32-7A684A2CCB39} = {44F0CFA8-B467-43B5-9C9F-3CA39DAC83DD}
		{A55022F2-7FE1-4C27-BF4E-3C0B3D77F7D0} = {1CCE30AE-4072-43F6-8B01-3185C469129D}
		{54605F6B-C298-4F0A-82D6-6DD1DC5526B4} = {BE9C9E19-84E5-4844-B361-02A2116382D4}
		{34D3DA85-AC0F-4E8B-8244-835D4A3B77C5} = {9162DC40-6922-4768-91BB-C0D13FC0E368}
		{7A5739D6-0966-4C2F-8DD2-07F3E6159212} = {4FC56E1F-B1A0-468D-80A2-4B4668937395}
		{91DE67CE-14C4-4C0F-8E08-6CA96A0C05D9} = {9162DC40-6922-4768-91BB-C0D13FC0E368}
		{59BA45AE-F80C-440D-BEA1-C1FCA0F00A2B} = {4FC56E1F-B1A0-468D-80A2-4B4668937395}
		{DC2CD4DF-2A49-4197-AF18-2AB3FC0C3A0A} = {1CCE30AE-4072-43F6-8B01-3185C469129D}
		{48310066-C140-497B-B2D7-2EB7979FA9AB} = {BE9C9E19-84E5-4844-B361-02A2116382D4}
		{6D34F0EA-4C37-49A7-8B88-F68713CDE78E} = {9162DC40-6922-4768-91BB-C0D13FC0E368}
		{249C4075-9CFB-4CA1-BA82-290BFF361CD7} = {4FC56E1F-B1A0-468D-80A2-4B4668937395}
		{CF3CEADB-42D1-4873-8061-4B2E3691AA0D} = {BE9C9E19-84E5-4844-B361-02A2116382D4}
		{3F3EF9E8-0427-48A5-9307-D92EEC080415} = {79FB3572-AA5D-4714-B70E-AA92E3AE50DD}
		{72A248D5-1D27-4DAC-89A7-5B8327FDBA3E} = {BE9C9E19-84E5-4844-B361-02A2116382D4}
		{1CCE30AE-4072-43F6-8B01-3185C469129D} = {44F0CFA8-B467-43B5-9C9F-3CA39DAC83DD}
		{79FB3572-AA5D-4714-B70E-AA92E3AE50DD} = {44F0CFA8-B467-43B5-9C9F-3CA39DAC83DD}
		{4FC56E1F-B1A0-468D-80A2-4B4668937395} = {44F0CFA8-B467-43B5-9C9F-3CA39DAC83DD}
		{E932EF38-FFDD-41A4-9D98-9C73B0F3EA13} = {79FB3572-AA5D-4714-B70E-AA92E3AE50DD}
		{CDC5EB64-1A2E-4F26-8831-3A84DF5C7AB4} = {BE9C9E19-84E5-4844-B361-02A2116382D4}
		{3301706B-F12E-4575-B125-AAD767009455} = {BE9C9E19-84E5-4844-B361-02A2116382D4}
		{A933812C-C8F5-49B4-AA7B-E39961093102} = {BE9C9E19-84E5-4844-B361-02A2116382D4}
		{0DE32351-3EE8-404B-BF55-A7B2349F8A27} = {9162DC40-6922-4768-91BB-C0D13FC0E368}
		{78EF412B-D6AF-4208-913D-0C0EF2E8BB17} = {1CCE30AE-4072-43F6-8B01-3185C469129D}
	EndGlobalSection
	GlobalSection(ExtensibilityGlobals) = postSolution
		SolutionGuid = {CE85B18F-DEB6-473C-A03F-D7EBA917086D}
	EndGlobalSection
EndGlobal
