
Microsoft Visual Studio Solution File, Format Version 12.00
# Visual Studio 15
VisualStudioVersion = 15.0.26730.16
MinimumVisualStudioVersion = 10.0.40219.1
Project("{FAE04EC0-301F-11D3-BF4B-00C04F79EFBC}") = "MultiRepositories.Lib", "MultiRepositories.Lib\MultiRepositories.Lib.csproj", "{B20C279E-7034-4A46-9820-1D96296EB36B}"
EndProject
Project("{FAE04EC0-301F-11D3-BF4B-00C04F79EFBC}") = "RepositoryCache", "RepositoryCache\RepositoryCache.csproj", "{8C3BE498-BD60-480E-AE32-7A684A2CCB39}"
EndProject
Project("{FAE04EC0-301F-11D3-BF4B-00C04F79EFBC}") = "NugetProtocol", "NugetProtocol\NugetProtocol.csproj", "{A55022F2-7FE1-4C27-BF4E-3C0B3D77F7D0}"
EndProject
Project("{FAE04EC0-301F-11D3-BF4B-00C04F79EFBC}") = "NugetProtocol.Test", "NugetProtocol.Test\NugetProtocol.Test.csproj", "{54605F6B-C298-4F0A-82D6-6DD1DC5526B4}"
EndProject
Global
	GlobalSection(SolutionConfigurationPlatforms) = preSolution
		Debug|Any CPU = Debug|Any CPU
		Release|Any CPU = Release|Any CPU
	EndGlobalSection
	GlobalSection(ProjectConfigurationPlatforms) = postSolution
		{B20C279E-7034-4A46-9820-1D96296EB36B}.Debug|Any CPU.ActiveCfg = Debug|Any CPU
		{B20C279E-7034-4A46-9820-1D96296EB36B}.Debug|Any CPU.Build.0 = Debug|Any CPU
		{B20C279E-7034-4A46-9820-1D96296EB36B}.Release|Any CPU.ActiveCfg = Release|Any CPU
		{B20C279E-7034-4A46-9820-1D96296EB36B}.Release|Any CPU.Build.0 = Release|Any CPU
		{8C3BE498-BD60-480E-AE32-7A684A2CCB39}.Debug|Any CPU.ActiveCfg = Debug|Any CPU
		{8C3BE498-BD60-480E-AE32-7A684A2CCB39}.Debug|Any CPU.Build.0 = Debug|Any CPU
		{8C3BE498-BD60-480E-AE32-7A684A2CCB39}.Release|Any CPU.ActiveCfg = Release|Any CPU
		{8C3BE498-BD60-480E-AE32-7A684A2CCB39}.Release|Any CPU.Build.0 = Release|Any CPU
		{A55022F2-7FE1-4C27-BF4E-3C0B3D77F7D0}.Debug|Any CPU.ActiveCfg = Debug|Any CPU
		{A55022F2-7FE1-4C27-BF4E-3C0B3D77F7D0}.Debug|Any CPU.Build.0 = Debug|Any CPU
		{A55022F2-7FE1-4C27-BF4E-3C0B3D77F7D0}.Release|Any CPU.ActiveCfg = Release|Any CPU
		{A55022F2-7FE1-4C27-BF4E-3C0B3D77F7D0}.Release|Any CPU.Build.0 = Release|Any CPU
		{54605F6B-C298-4F0A-82D6-6DD1DC5526B4}.Debug|Any CPU.ActiveCfg = Debug|Any CPU
		{54605F6B-C298-4F0A-82D6-6DD1DC5526B4}.Debug|Any CPU.Build.0 = Debug|Any CPU
		{54605F6B-C298-4F0A-82D6-6DD1DC5526B4}.Release|Any CPU.ActiveCfg = Release|Any CPU
		{54605F6B-C298-4F0A-82D6-6DD1DC5526B4}.Release|Any CPU.Build.0 = Release|Any CPU
	EndGlobalSection
	GlobalSection(SolutionProperties) = preSolution
		HideSolutionNode = FALSE
	EndGlobalSection
	GlobalSection(ExtensibilityGlobals) = postSolution
		SolutionGuid = {CE85B18F-DEB6-473C-A03F-D7EBA917086D}
	EndGlobalSection
EndGlobal
