
Microsoft Visual Studio Solution File, Format Version 12.00
# Visual Studio 15
VisualStudioVersion = 15.0.26730.16
MinimumVisualStudioVersion = 10.0.40219.1
Project("{FAE04EC0-301F-11D3-BF4B-00C04F79EFBC}") = "MultiRepositories.Lib", "MultiRepositories.Lib\MultiRepositories.Lib.csproj", "{B20C279E-7034-4A46-9820-1D96296EB36B}"
EndProject
Project("{FAE04EC0-301F-11D3-BF4B-00C04F79EFBC}") = "RepositoryCache", "RepositoryCache\RepositoryCache.csproj", "{8C3BE498-BD60-480E-AE32-7A684A2CCB39}"
EndProject
Project("{FAE04EC0-301F-11D3-BF4B-00C04F79EFBC}") = "NugetProtocol", "NugetProtocol\NugetProtocol.csproj", "{A55022F2-7FE1-4C27-BF4E-3C0B3D77F7D0}"
EndProject
Project("{FAE04EC0-301F-11D3-BF4B-00C04F79EFBC}") = "NugetProtocol.Test", "NugetProtocol.Test\NugetProtocol.Test.csproj", "{54605F6B-C298-4F0A-82D6-6DD1DC5526B4}"
EndProject
Project("{FAE04EC0-301F-11D3-BF4B-00C04F79EFBC}") = "Repositories.Lib.Mem", "Repositories.Lib.Mem\Repositories.Lib.Mem.csproj", "{34D3DA85-AC0F-4E8B-8244-835D4A3B77C5}"
EndProject
Project("{FAE04EC0-301F-11D3-BF4B-00C04F79EFBC}") = "Repositories.Lib", "Repositories.Lib\Repositories.Lib.csproj", "{7A5739D6-0966-4C2F-8DD2-07F3E6159212}"
EndProject
Project("{FAE04EC0-301F-11D3-BF4B-00C04F79EFBC}") = "MultiRepositories.Lib.Mem", "MultiRepositories.Lib.Mem\MultiRepositories.Lib.Mem.csproj", "{91DE67CE-14C4-4C0F-8E08-6CA96A0C05D9}"
EndProject
Project("{FAE04EC0-301F-11D3-BF4B-00C04F79EFBC}") = "Ioc.Shared", "Ioc.Shared\Ioc.Shared.csproj", "{59BA45AE-F80C-440D-BEA1-C1FCA0F00A2B}"
EndProject
Project("{FAE04EC0-301F-11D3-BF4B-00C04F79EFBC}") = "Nuget.Lib", "Nuget.Lib\Nuget.Lib.csproj", "{DC2CD4DF-2A49-4197-AF18-2AB3FC0C3A0A}"
EndProject
Project("{FAE04EC0-301F-11D3-BF4B-00C04F79EFBC}") = "Nuget.Lib.Test", "Nuget.Lib.Test\Nuget.Lib.Test.csproj", "{48310066-C140-497B-B2D7-2EB7979FA9AB}"
EndProject
Project("{FAE04EC0-301F-11D3-BF4B-00C04F79EFBC}") = "Nuget.Lib.Mem", "Nuget.Lib.Mem\Nuget.Lib.Mem.csproj", "{6D34F0EA-4C37-49A7-8B88-F68713CDE78E}"
EndProject
Project("{FAE04EC0-301F-11D3-BF4B-00C04F79EFBC}") = "SemVer", "SemVer\SemVer.csproj", "{249C4075-9CFB-4CA1-BA82-290BFF361CD7}"
EndProject
Project("{FAE04EC0-301F-11D3-BF4B-00C04F79EFBC}") = "SemVer.Test", "SemVer.Test\SemVer.Test.csproj", "{CF3CEADB-42D1-4873-8061-4B2E3691AA0D}"
EndProject
Project("{2150E333-8FDC-42A3-9474-1A3956D46DE8}") = "Main", "Main", "{44F0CFA8-B467-43B5-9C9F-3CA39DAC83DD}"
EndProject
Project("{2150E333-8FDC-42A3-9474-1A3956D46DE8}") = "Test", "Test", "{BE9C9E19-84E5-4844-B361-02A2116382D4}"
EndProject
Project("{2150E333-8FDC-42A3-9474-1A3956D46DE8}") = "MemDb", "MemDb", "{9162DC40-6922-4768-91BB-C0D13FC0E368}"
EndProject
Project("{2150E333-8FDC-42A3-9474-1A3956D46DE8}") = "Integration", "Integration", "{F3814DB4-A2BC-4AAA-9C1D-5B8BCDFC38CA}"
EndProject
Project("{FAE04EC0-301F-11D3-BF4B-00C04F79EFBC}") = "NugetIntegration", "NugetIntegration\NugetIntegration.csproj", "{545AA3D8-0847-4D58-A975-329C3DBE2E90}"
EndProject
Global
	GlobalSection(SolutionConfigurationPlatforms) = preSolution
		Debug|Any CPU = Debug|Any CPU
		Release|Any CPU = Release|Any CPU
	EndGlobalSection
	GlobalSection(ProjectConfigurationPlatforms) = postSolution
		{B20C279E-7034-4A46-9820-1D96296EB36B}.Debug|Any CPU.ActiveCfg = Debug|Any CPU
		{B20C279E-7034-4A46-9820-1D96296EB36B}.Debug|Any CPU.Build.0 = Debug|Any CPU
		{B20C279E-7034-4A46-9820-1D96296EB36B}.Release|Any CPU.ActiveCfg = Release|Any CPU
		{B20C279E-7034-4A46-9820-1D96296EB36B}.Release|Any CPU.Build.0 = Release|Any CPU
		{8C3BE498-BD60-480E-AE32-7A684A2CCB39}.Debug|Any CPU.ActiveCfg = Debug|Any CPU
		{8C3BE498-BD60-480E-AE32-7A684A2CCB39}.Debug|Any CPU.Build.0 = Debug|Any CPU
		{8C3BE498-BD60-480E-AE32-7A684A2CCB39}.Release|Any CPU.ActiveCfg = Release|Any CPU
		{8C3BE498-BD60-480E-AE32-7A684A2CCB39}.Release|Any CPU.Build.0 = Release|Any CPU
		{A55022F2-7FE1-4C27-BF4E-3C0B3D77F7D0}.Debug|Any CPU.ActiveCfg = Debug|Any CPU
		{A55022F2-7FE1-4C27-BF4E-3C0B3D77F7D0}.Debug|Any CPU.Build.0 = Debug|Any CPU
		{A55022F2-7FE1-4C27-BF4E-3C0B3D77F7D0}.Release|Any CPU.ActiveCfg = Release|Any CPU
		{A55022F2-7FE1-4C27-BF4E-3C0B3D77F7D0}.Release|Any CPU.Build.0 = Release|Any CPU
		{54605F6B-C298-4F0A-82D6-6DD1DC5526B4}.Debug|Any CPU.ActiveCfg = Debug|Any CPU
		{54605F6B-C298-4F0A-82D6-6DD1DC5526B4}.Debug|Any CPU.Build.0 = Debug|Any CPU
		{54605F6B-C298-4F0A-82D6-6DD1DC5526B4}.Release|Any CPU.ActiveCfg = Release|Any CPU
		{54605F6B-C298-4F0A-82D6-6DD1DC5526B4}.Release|Any CPU.Build.0 = Release|Any CPU
		{34D3DA85-AC0F-4E8B-8244-835D4A3B77C5}.Debug|Any CPU.ActiveCfg = Debug|Any CPU
		{34D3DA85-AC0F-4E8B-8244-835D4A3B77C5}.Debug|Any CPU.Build.0 = Debug|Any CPU
		{34D3DA85-AC0F-4E8B-8244-835D4A3B77C5}.Release|Any CPU.ActiveCfg = Release|Any CPU
		{34D3DA85-AC0F-4E8B-8244-835D4A3B77C5}.Release|Any CPU.Build.0 = Release|Any CPU
		{7A5739D6-0966-4C2F-8DD2-07F3E6159212}.Debug|Any CPU.ActiveCfg = Debug|Any CPU
		{7A5739D6-0966-4C2F-8DD2-07F3E6159212}.Debug|Any CPU.Build.0 = Debug|Any CPU
		{7A5739D6-0966-4C2F-8DD2-07F3E6159212}.Release|Any CPU.ActiveCfg = Release|Any CPU
		{7A5739D6-0966-4C2F-8DD2-07F3E6159212}.Release|Any CPU.Build.0 = Release|Any CPU
		{91DE67CE-14C4-4C0F-8E08-6CA96A0C05D9}.Debug|Any CPU.ActiveCfg = Debug|Any CPU
		{91DE67CE-14C4-4C0F-8E08-6CA96A0C05D9}.Debug|Any CPU.Build.0 = Debug|Any CPU
		{91DE67CE-14C4-4C0F-8E08-6CA96A0C05D9}.Release|Any CPU.ActiveCfg = Release|Any CPU
		{91DE67CE-14C4-4C0F-8E08-6CA96A0C05D9}.Release|Any CPU.Build.0 = Release|Any CPU
		{59BA45AE-F80C-440D-BEA1-C1FCA0F00A2B}.Debug|Any CPU.ActiveCfg = Debug|Any CPU
		{59BA45AE-F80C-440D-BEA1-C1FCA0F00A2B}.Debug|Any CPU.Build.0 = Debug|Any CPU
		{59BA45AE-F80C-440D-BEA1-C1FCA0F00A2B}.Release|Any CPU.ActiveCfg = Release|Any CPU
		{59BA45AE-F80C-440D-BEA1-C1FCA0F00A2B}.Release|Any CPU.Build.0 = Release|Any CPU
		{DC2CD4DF-2A49-4197-AF18-2AB3FC0C3A0A}.Debug|Any CPU.ActiveCfg = Debug|Any CPU
		{DC2CD4DF-2A49-4197-AF18-2AB3FC0C3A0A}.Debug|Any CPU.Build.0 = Debug|Any CPU
		{DC2CD4DF-2A49-4197-AF18-2AB3FC0C3A0A}.Release|Any CPU.ActiveCfg = Release|Any CPU
		{DC2CD4DF-2A49-4197-AF18-2AB3FC0C3A0A}.Release|Any CPU.Build.0 = Release|Any CPU
		{48310066-C140-497B-B2D7-2EB7979FA9AB}.Debug|Any CPU.ActiveCfg = Debug|Any CPU
		{48310066-C140-497B-B2D7-2EB7979FA9AB}.Debug|Any CPU.Build.0 = Debug|Any CPU
		{48310066-C140-497B-B2D7-2EB7979FA9AB}.Release|Any CPU.ActiveCfg = Release|Any CPU
		{48310066-C140-497B-B2D7-2EB7979FA9AB}.Release|Any CPU.Build.0 = Release|Any CPU
		{6D34F0EA-4C37-49A7-8B88-F68713CDE78E}.Debug|Any CPU.ActiveCfg = Debug|Any CPU
		{6D34F0EA-4C37-49A7-8B88-F68713CDE78E}.Debug|Any CPU.Build.0 = Debug|Any CPU
		{6D34F0EA-4C37-49A7-8B88-F68713CDE78E}.Release|Any CPU.ActiveCfg = Release|Any CPU
		{6D34F0EA-4C37-49A7-8B88-F68713CDE78E}.Release|Any CPU.Build.0 = Release|Any CPU
		{249C4075-9CFB-4CA1-BA82-290BFF361CD7}.Debug|Any CPU.ActiveCfg = Debug|Any CPU
		{249C4075-9CFB-4CA1-BA82-290BFF361CD7}.Debug|Any CPU.Build.0 = Debug|Any CPU
		{249C4075-9CFB-4CA1-BA82-290BFF361CD7}.Release|Any CPU.ActiveCfg = Release|Any CPU
		{249C4075-9CFB-4CA1-BA82-290BFF361CD7}.Release|Any CPU.Build.0 = Release|Any CPU
		{CF3CEADB-42D1-4873-8061-4B2E3691AA0D}.Debug|Any CPU.ActiveCfg = Debug|Any CPU
		{CF3CEADB-42D1-4873-8061-4B2E3691AA0D}.Debug|Any CPU.Build.0 = Debug|Any CPU
		{CF3CEADB-42D1-4873-8061-4B2E3691AA0D}.Release|Any CPU.ActiveCfg = Release|Any CPU
		{CF3CEADB-42D1-4873-8061-4B2E3691AA0D}.Release|Any CPU.Build.0 = Release|Any CPU
		{545AA3D8-0847-4D58-A975-329C3DBE2E90}.Debug|Any CPU.ActiveCfg = Debug|Any CPU
		{545AA3D8-0847-4D58-A975-329C3DBE2E90}.Debug|Any CPU.Build.0 = Debug|Any CPU
		{545AA3D8-0847-4D58-A975-329C3DBE2E90}.Release|Any CPU.ActiveCfg = Release|Any CPU
		{545AA3D8-0847-4D58-A975-329C3DBE2E90}.Release|Any CPU.Build.0 = Release|Any CPU
	EndGlobalSection
	GlobalSection(SolutionProperties) = preSolution
		HideSolutionNode = FALSE
	EndGlobalSection
	GlobalSection(NestedProjects) = preSolution
		{B20C279E-7034-4A46-9820-1D96296EB36B} = {44F0CFA8-B467-43B5-9C9F-3CA39DAC83DD}
		{8C3BE498-BD60-480E-AE32-7A684A2CCB39} = {44F0CFA8-B467-43B5-9C9F-3CA39DAC83DD}
		{A55022F2-7FE1-4C27-BF4E-3C0B3D77F7D0} = {44F0CFA8-B467-43B5-9C9F-3CA39DAC83DD}
		{54605F6B-C298-4F0A-82D6-6DD1DC5526B4} = {BE9C9E19-84E5-4844-B361-02A2116382D4}
		{34D3DA85-AC0F-4E8B-8244-835D4A3B77C5} = {9162DC40-6922-4768-91BB-C0D13FC0E368}
		{7A5739D6-0966-4C2F-8DD2-07F3E6159212} = {44F0CFA8-B467-43B5-9C9F-3CA39DAC83DD}
		{91DE67CE-14C4-4C0F-8E08-6CA96A0C05D9} = {9162DC40-6922-4768-91BB-C0D13FC0E368}
		{59BA45AE-F80C-440D-BEA1-C1FCA0F00A2B} = {44F0CFA8-B467-43B5-9C9F-3CA39DAC83DD}
		{DC2CD4DF-2A49-4197-AF18-2AB3FC0C3A0A} = {44F0CFA8-B467-43B5-9C9F-3CA39DAC83DD}
		{48310066-C140-497B-B2D7-2EB7979FA9AB} = {BE9C9E19-84E5-4844-B361-02A2116382D4}
		{6D34F0EA-4C37-49A7-8B88-F68713CDE78E} = {9162DC40-6922-4768-91BB-C0D13FC0E368}
		{249C4075-9CFB-4CA1-BA82-290BFF361CD7} = {44F0CFA8-B467-43B5-9C9F-3CA39DAC83DD}
		{CF3CEADB-42D1-4873-8061-4B2E3691AA0D} = {BE9C9E19-84E5-4844-B361-02A2116382D4}
		{545AA3D8-0847-4D58-A975-329C3DBE2E90} = {F3814DB4-A2BC-4AAA-9C1D-5B8BCDFC38CA}
	EndGlobalSection
	GlobalSection(ExtensibilityGlobals) = postSolution
		SolutionGuid = {CE85B18F-DEB6-473C-A03F-D7EBA917086D}
	EndGlobalSection
EndGlobal
